
Microsoft Visual Studio Solution File, Format Version 12.00
# Visual Studio 15
VisualStudioVersion = 15.0.28307.2092
MinimumVisualStudioVersion = 10.0.40219.1
Project("{8BC9CEB8-8B4A-11D0-8D11-00A0C91BC942}") = "Lab6_2", "Lab6_2\Lab6_2.vcxproj", "{23951617-50D5-4A2E-A7F0-AB7B1A6AA805}"
EndProject
Global
	GlobalSection(SolutionConfigurationPlatforms) = preSolution
		Debug|x64 = Debug|x64
		Debug|x86 = Debug|x86
		Release|x64 = Release|x64
		Release|x86 = Release|x86
	EndGlobalSection
	GlobalSection(ProjectConfigurationPlatforms) = postSolution
		{23951617-50D5-4A2E-A7F0-AB7B1A6AA805}.Debug|x64.ActiveCfg = Debug|x64
		{23951617-50D5-4A2E-A7F0-AB7B1A6AA805}.Debug|x64.Build.0 = Debug|x64
		{23951617-50D5-4A2E-A7F0-AB7B1A6AA805}.Debug|x86.ActiveCfg = Debug|Win32
		{23951617-50D5-4A2E-A7F0-AB7B1A6AA805}.Debug|x86.Build.0 = Debug|Win32
		{23951617-50D5-4A2E-A7F0-AB7B1A6AA805}.Release|x64.ActiveCfg = Release|x64
		{23951617-50D5-4A2E-A7F0-AB7B1A6AA805}.Release|x64.Build.0 = Release|x64
		{23951617-50D5-4A2E-A7F0-AB7B1A6AA805}.Release|x86.ActiveCfg = Release|Win32
		{23951617-50D5-4A2E-A7F0-AB7B1A6AA805}.Release|x86.Build.0 = Release|Win32
	EndGlobalSection
	GlobalSection(SolutionProperties) = preSolution
		HideSolutionNode = FALSE
	EndGlobalSection
	GlobalSection(ExtensibilityGlobals) = postSolution
		SolutionGuid = {C03B094B-B512-433C-A7A5-7D42E256F535}
	EndGlobalSection
EndGlobal
